
Microsoft Visual Studio Solution File, Format Version 12.00
# Visual Studio Version 17
VisualStudioVersion = 17.1.32210.238
MinimumVisualStudioVersion = 10.0.40219.1
Project("{FAE04EC0-301F-11D3-BF4B-00C04F79EFBC}") = "GridEye.Android", "GridEye.Android.csproj", "{183EEB10-0E30-4B0F-A220-AFE33797618A}"
EndProject
Project("{9A19103F-16F7-4668-BE54-9A1E7A4F7556}") = "GridEye", "..\GridEye\GridEye.csproj", "{B546E832-1CCD-479A-8890-076177C096C1}"
EndProject
Global
	GlobalSection(SolutionConfigurationPlatforms) = preSolution
		Debug|Any CPU = Debug|Any CPU
		Release|Any CPU = Release|Any CPU
	EndGlobalSection
	GlobalSection(ProjectConfigurationPlatforms) = postSolution
		{183EEB10-0E30-4B0F-A220-AFE33797618A}.Debug|Any CPU.ActiveCfg = Debug|Any CPU
		{183EEB10-0E30-4B0F-A220-AFE33797618A}.Debug|Any CPU.Build.0 = Debug|Any CPU
		{183EEB10-0E30-4B0F-A220-AFE33797618A}.Debug|Any CPU.Deploy.0 = Debug|Any CPU
		{183EEB10-0E30-4B0F-A220-AFE33797618A}.Release|Any CPU.ActiveCfg = Release|Any CPU
		{183EEB10-0E30-4B0F-A220-AFE33797618A}.Release|Any CPU.Build.0 = Release|Any CPU
		{183EEB10-0E30-4B0F-A220-AFE33797618A}.Release|Any CPU.Deploy.0 = Release|Any CPU
		{B546E832-1CCD-479A-8890-076177C096C1}.Debug|Any CPU.ActiveCfg = Debug|Any CPU
		{B546E832-1CCD-479A-8890-076177C096C1}.Debug|Any CPU.Build.0 = Debug|Any CPU
		{B546E832-1CCD-479A-8890-076177C096C1}.Release|Any CPU.ActiveCfg = Release|Any CPU
		{B546E832-1CCD-479A-8890-076177C096C1}.Release|Any CPU.Build.0 = Release|Any CPU
	EndGlobalSection
	GlobalSection(SolutionProperties) = preSolution
		HideSolutionNode = FALSE
	EndGlobalSection
	GlobalSection(ExtensibilityGlobals) = postSolution
		SolutionGuid = {2410D94F-BB5E-4EB7-A7A7-BB9A1D84B068}
	EndGlobalSection
EndGlobal
